
Microsoft Visual Studio Solution File, Format Version 12.00
# Visual Studio 15
VisualStudioVersion = 15.0.27703.2035
MinimumVisualStudioVersion = 10.0.40219.1
Project("{8BC9CEB8-8B4A-11D0-8D11-00A0C91BC942}") = "Server", "Server\Server.vcxproj", "{7DEA380C-D651-4381-8FA7-132403B5308B}"
EndProject
Project("{8BC9CEB8-8B4A-11D0-8D11-00A0C91BC942}") = "Client", "Client\Client.vcxproj", "{C01D24C2-EDE2-40EF-A301-93A0BA96A8DC}"
EndProject
Global
	GlobalSection(SolutionConfigurationPlatforms) = preSolution
		Debug|x64 = Debug|x64
		Debug|x86 = Debug|x86
		Release|x64 = Release|x64
		Release|x86 = Release|x86
	EndGlobalSection
	GlobalSection(ProjectConfigurationPlatforms) = postSolution
		{7DEA380C-D651-4381-8FA7-132403B5308B}.Debug|x64.ActiveCfg = Debug|x64
		{7DEA380C-D651-4381-8FA7-132403B5308B}.Debug|x64.Build.0 = Debug|x64
		{7DEA380C-D651-4381-8FA7-132403B5308B}.Debug|x86.ActiveCfg = Debug|Win32
		{7DEA380C-D651-4381-8FA7-132403B5308B}.Debug|x86.Build.0 = Debug|Win32
		{7DEA380C-D651-4381-8FA7-132403B5308B}.Release|x64.ActiveCfg = Release|x64
		{7DEA380C-D651-4381-8FA7-132403B5308B}.Release|x64.Build.0 = Release|x64
		{7DEA380C-D651-4381-8FA7-132403B5308B}.Release|x86.ActiveCfg = Release|Win32
		{7DEA380C-D651-4381-8FA7-132403B5308B}.Release|x86.Build.0 = Release|Win32
		{C01D24C2-EDE2-40EF-A301-93A0BA96A8DC}.Debug|x64.ActiveCfg = Debug|x64
		{C01D24C2-EDE2-40EF-A301-93A0BA96A8DC}.Debug|x64.Build.0 = Debug|x64
		{C01D24C2-EDE2-40EF-A301-93A0BA96A8DC}.Debug|x86.ActiveCfg = Debug|Win32
		{C01D24C2-EDE2-40EF-A301-93A0BA96A8DC}.Debug|x86.Build.0 = Debug|Win32
		{C01D24C2-EDE2-40EF-A301-93A0BA96A8DC}.Release|x64.ActiveCfg = Release|x64
		{C01D24C2-EDE2-40EF-A301-93A0BA96A8DC}.Release|x64.Build.0 = Release|x64
		{C01D24C2-EDE2-40EF-A301-93A0BA96A8DC}.Release|x86.ActiveCfg = Release|Win32
		{C01D24C2-EDE2-40EF-A301-93A0BA96A8DC}.Release|x86.Build.0 = Release|Win32
	EndGlobalSection
	GlobalSection(SolutionProperties) = preSolution
		HideSolutionNode = FALSE
	EndGlobalSection
	GlobalSection(ExtensibilityGlobals) = postSolution
		SolutionGuid = {BB7DB1F7-32CC-4BC4-A8DE-BF0AE335DDBD}
	EndGlobalSection
EndGlobal
